
Microsoft Visual Studio Solution File, Format Version 12.00
# Visual Studio Version 16
VisualStudioVersion = 16.0.31702.278
MinimumVisualStudioVersion = 10.0.40219.1
Project("{FAE04EC0-301F-11D3-BF4B-00C04F79EFBC}") = "Generics", "Generics\Generics.csproj", "{931FFC76-128A-4485-BDEA-02B623D2AAF5}"
EndProject
Global
	GlobalSection(SolutionConfigurationPlatforms) = preSolution
		Debug|Any CPU = Debug|Any CPU
		Release|Any CPU = Release|Any CPU
	EndGlobalSection
	GlobalSection(ProjectConfigurationPlatforms) = postSolution
		{931FFC76-128A-4485-BDEA-02B623D2AAF5}.Debug|Any CPU.ActiveCfg = Debug|Any CPU
		{931FFC76-128A-4485-BDEA-02B623D2AAF5}.Debug|Any CPU.Build.0 = Debug|Any CPU
		{931FFC76-128A-4485-BDEA-02B623D2AAF5}.Release|Any CPU.ActiveCfg = Release|Any CPU
		{931FFC76-128A-4485-BDEA-02B623D2AAF5}.Release|Any CPU.Build.0 = Release|Any CPU
	EndGlobalSection
	GlobalSection(SolutionProperties) = preSolution
		HideSolutionNode = FALSE
	EndGlobalSection
	GlobalSection(ExtensibilityGlobals) = postSolution
		SolutionGuid = {30CDA8D4-501B-4037-B3C4-112B80A61CBA}
	EndGlobalSection
EndGlobal
