
Microsoft Visual Studio Solution File, Format Version 12.00
# Visual Studio Version 16
VisualStudioVersion = 16.0.31729.503
MinimumVisualStudioVersion = 10.0.40219.1
Project("{FAE04EC0-301F-11D3-BF4B-00C04F79EFBC}") = "Exercicio-1-e-2", "Exercicio-1-e-2\Exercicio-1-e-2.csproj", "{C2313798-4C94-4838-AED5-5E6FBEA984DD}"
EndProject
Global
	GlobalSection(SolutionConfigurationPlatforms) = preSolution
		Debug|Any CPU = Debug|Any CPU
		Release|Any CPU = Release|Any CPU
	EndGlobalSection
	GlobalSection(ProjectConfigurationPlatforms) = postSolution
		{C2313798-4C94-4838-AED5-5E6FBEA984DD}.Debug|Any CPU.ActiveCfg = Debug|Any CPU
		{C2313798-4C94-4838-AED5-5E6FBEA984DD}.Debug|Any CPU.Build.0 = Debug|Any CPU
		{C2313798-4C94-4838-AED5-5E6FBEA984DD}.Release|Any CPU.ActiveCfg = Release|Any CPU
		{C2313798-4C94-4838-AED5-5E6FBEA984DD}.Release|Any CPU.Build.0 = Release|Any CPU
	EndGlobalSection
	GlobalSection(SolutionProperties) = preSolution
		HideSolutionNode = FALSE
	EndGlobalSection
	GlobalSection(ExtensibilityGlobals) = postSolution
		SolutionGuid = {A7B05C66-46A6-4068-8E98-34982C01D9C7}
	EndGlobalSection
EndGlobal
