
Microsoft Visual Studio Solution File, Format Version 12.00
# Visual Studio Version 16
VisualStudioVersion = 16.0.31702.278
MinimumVisualStudioVersion = 10.0.40219.1
Project("{FAE04EC0-301F-11D3-BF4B-00C04F79EFBC}") = "Secao_17", "Secao_17\Secao_17.csproj", "{F8B5AA91-7DA0-437B-92F7-0D1EE9C83384}"
EndProject
Global
	GlobalSection(SolutionConfigurationPlatforms) = preSolution
		Debug|Any CPU = Debug|Any CPU
		Release|Any CPU = Release|Any CPU
	EndGlobalSection
	GlobalSection(ProjectConfigurationPlatforms) = postSolution
		{F8B5AA91-7DA0-437B-92F7-0D1EE9C83384}.Debug|Any CPU.ActiveCfg = Debug|Any CPU
		{F8B5AA91-7DA0-437B-92F7-0D1EE9C83384}.Debug|Any CPU.Build.0 = Debug|Any CPU
		{F8B5AA91-7DA0-437B-92F7-0D1EE9C83384}.Release|Any CPU.ActiveCfg = Release|Any CPU
		{F8B5AA91-7DA0-437B-92F7-0D1EE9C83384}.Release|Any CPU.Build.0 = Release|Any CPU
	EndGlobalSection
	GlobalSection(SolutionProperties) = preSolution
		HideSolutionNode = FALSE
	EndGlobalSection
	GlobalSection(ExtensibilityGlobals) = postSolution
		SolutionGuid = {82E2A90D-0771-49A3-96A5-BCC27223717C}
	EndGlobalSection
EndGlobal
