
Microsoft Visual Studio Solution File, Format Version 12.00
# Visual Studio Version 16
VisualStudioVersion = 16.0.31702.278
MinimumVisualStudioVersion = 10.0.40219.1
Project("{FAE04EC0-301F-11D3-BF4B-00C04F79EFBC}") = "inter_face_icomparable", "inter_face_icomparable\inter_face_icomparable.csproj", "{6A689AE6-07D9-47C5-9CDE-8ED44B43376F}"
EndProject
Global
	GlobalSection(SolutionConfigurationPlatforms) = preSolution
		Debug|Any CPU = Debug|Any CPU
		Release|Any CPU = Release|Any CPU
	EndGlobalSection
	GlobalSection(ProjectConfigurationPlatforms) = postSolution
		{6A689AE6-07D9-47C5-9CDE-8ED44B43376F}.Debug|Any CPU.ActiveCfg = Debug|Any CPU
		{6A689AE6-07D9-47C5-9CDE-8ED44B43376F}.Debug|Any CPU.Build.0 = Debug|Any CPU
		{6A689AE6-07D9-47C5-9CDE-8ED44B43376F}.Release|Any CPU.ActiveCfg = Release|Any CPU
		{6A689AE6-07D9-47C5-9CDE-8ED44B43376F}.Release|Any CPU.Build.0 = Release|Any CPU
	EndGlobalSection
	GlobalSection(SolutionProperties) = preSolution
		HideSolutionNode = FALSE
	EndGlobalSection
	GlobalSection(ExtensibilityGlobals) = postSolution
		SolutionGuid = {78254AEF-784D-4C6E-A585-52B2081EE497}
	EndGlobalSection
EndGlobal
