
Microsoft Visual Studio Solution File, Format Version 12.00
# Visual Studio Version 16
VisualStudioVersion = 16.0.31911.196
MinimumVisualStudioVersion = 10.0.40219.1
Project("{FAE04EC0-301F-11D3-BF4B-00C04F79EFBC}") = "Exercicio_Interface", "Exercicio_Interface\Exercicio_Interface.csproj", "{CAFAA505-EF20-4BFA-898A-CBD9DC666FAB}"
EndProject
Global
	GlobalSection(SolutionConfigurationPlatforms) = preSolution
		Debug|Any CPU = Debug|Any CPU
		Release|Any CPU = Release|Any CPU
	EndGlobalSection
	GlobalSection(ProjectConfigurationPlatforms) = postSolution
		{CAFAA505-EF20-4BFA-898A-CBD9DC666FAB}.Debug|Any CPU.ActiveCfg = Debug|Any CPU
		{CAFAA505-EF20-4BFA-898A-CBD9DC666FAB}.Debug|Any CPU.Build.0 = Debug|Any CPU
		{CAFAA505-EF20-4BFA-898A-CBD9DC666FAB}.Release|Any CPU.ActiveCfg = Release|Any CPU
		{CAFAA505-EF20-4BFA-898A-CBD9DC666FAB}.Release|Any CPU.Build.0 = Release|Any CPU
	EndGlobalSection
	GlobalSection(SolutionProperties) = preSolution
		HideSolutionNode = FALSE
	EndGlobalSection
	GlobalSection(ExtensibilityGlobals) = postSolution
		SolutionGuid = {2992EEF4-EF7D-4862-8739-8F8B4C95C3B2}
	EndGlobalSection
EndGlobal
