
Microsoft Visual Studio Solution File, Format Version 12.00
# Visual Studio Version 16
VisualStudioVersion = 16.0.31702.278
MinimumVisualStudioVersion = 10.0.40219.1
Project("{FAE04EC0-301F-11D3-BF4B-00C04F79EFBC}") = "Time_spam", "Time_spam\Time_spam.csproj", "{31E2C14D-977A-4D0C-9D08-23A67A35AE94}"
EndProject
Global
	GlobalSection(SolutionConfigurationPlatforms) = preSolution
		Debug|Any CPU = Debug|Any CPU
		Release|Any CPU = Release|Any CPU
	EndGlobalSection
	GlobalSection(ProjectConfigurationPlatforms) = postSolution
		{31E2C14D-977A-4D0C-9D08-23A67A35AE94}.Debug|Any CPU.ActiveCfg = Debug|Any CPU
		{31E2C14D-977A-4D0C-9D08-23A67A35AE94}.Debug|Any CPU.Build.0 = Debug|Any CPU
		{31E2C14D-977A-4D0C-9D08-23A67A35AE94}.Release|Any CPU.ActiveCfg = Release|Any CPU
		{31E2C14D-977A-4D0C-9D08-23A67A35AE94}.Release|Any CPU.Build.0 = Release|Any CPU
	EndGlobalSection
	GlobalSection(SolutionProperties) = preSolution
		HideSolutionNode = FALSE
	EndGlobalSection
	GlobalSection(ExtensibilityGlobals) = postSolution
		SolutionGuid = {7FCD41A1-D821-4A13-9289-8157518A9EAA}
	EndGlobalSection
EndGlobal
