
Microsoft Visual Studio Solution File, Format Version 12.00
# Visual Studio Version 16
VisualStudioVersion = 16.0.31702.278
MinimumVisualStudioVersion = 10.0.40219.1
Project("{FAE04EC0-301F-11D3-BF4B-00C04F79EFBC}") = "Link_Lambida", "Link_Lambida\Link_Lambida.csproj", "{619B8C2C-3289-4050-BFCE-0D7EB8703832}"
EndProject
Global
	GlobalSection(SolutionConfigurationPlatforms) = preSolution
		Debug|Any CPU = Debug|Any CPU
		Release|Any CPU = Release|Any CPU
	EndGlobalSection
	GlobalSection(ProjectConfigurationPlatforms) = postSolution
		{619B8C2C-3289-4050-BFCE-0D7EB8703832}.Debug|Any CPU.ActiveCfg = Debug|Any CPU
		{619B8C2C-3289-4050-BFCE-0D7EB8703832}.Debug|Any CPU.Build.0 = Debug|Any CPU
		{619B8C2C-3289-4050-BFCE-0D7EB8703832}.Release|Any CPU.ActiveCfg = Release|Any CPU
		{619B8C2C-3289-4050-BFCE-0D7EB8703832}.Release|Any CPU.Build.0 = Release|Any CPU
	EndGlobalSection
	GlobalSection(SolutionProperties) = preSolution
		HideSolutionNode = FALSE
	EndGlobalSection
	GlobalSection(ExtensibilityGlobals) = postSolution
		SolutionGuid = {7473F878-D1CC-482C-82C3-E507140CBEC2}
	EndGlobalSection
EndGlobal
