
Microsoft Visual Studio Solution File, Format Version 12.00
# Visual Studio Version 16
VisualStudioVersion = 16.0.31702.278
MinimumVisualStudioVersion = 10.0.40219.1
Project("{FAE04EC0-301F-11D3-BF4B-00C04F79EFBC}") = "Bloco_finaly", "Bloco_finaly\Bloco_finaly.csproj", "{27DA6C7A-9425-44D0-BE47-DA86DE171E01}"
EndProject
Global
	GlobalSection(SolutionConfigurationPlatforms) = preSolution
		Debug|Any CPU = Debug|Any CPU
		Release|Any CPU = Release|Any CPU
	EndGlobalSection
	GlobalSection(ProjectConfigurationPlatforms) = postSolution
		{27DA6C7A-9425-44D0-BE47-DA86DE171E01}.Debug|Any CPU.ActiveCfg = Debug|Any CPU
		{27DA6C7A-9425-44D0-BE47-DA86DE171E01}.Debug|Any CPU.Build.0 = Debug|Any CPU
		{27DA6C7A-9425-44D0-BE47-DA86DE171E01}.Release|Any CPU.ActiveCfg = Release|Any CPU
		{27DA6C7A-9425-44D0-BE47-DA86DE171E01}.Release|Any CPU.Build.0 = Release|Any CPU
	EndGlobalSection
	GlobalSection(SolutionProperties) = preSolution
		HideSolutionNode = FALSE
	EndGlobalSection
	GlobalSection(ExtensibilityGlobals) = postSolution
		SolutionGuid = {03794AD0-2B97-47B6-BFF3-4DFCFE4F7DD0}
	EndGlobalSection
EndGlobal
