
Microsoft Visual Studio Solution File, Format Version 12.00
# Visual Studio Version 16
VisualStudioVersion = 16.0.31911.196
MinimumVisualStudioVersion = 10.0.40219.1
Project("{FAE04EC0-301F-11D3-BF4B-00C04F79EFBC}") = "ProblemaExemploInterface", "ProblemaExemploInterface\ProblemaExemploInterface.csproj", "{378AD923-60C2-4D5E-AB66-CF578128277C}"
EndProject
Global
	GlobalSection(SolutionConfigurationPlatforms) = preSolution
		Debug|Any CPU = Debug|Any CPU
		Release|Any CPU = Release|Any CPU
	EndGlobalSection
	GlobalSection(ProjectConfigurationPlatforms) = postSolution
		{378AD923-60C2-4D5E-AB66-CF578128277C}.Debug|Any CPU.ActiveCfg = Debug|Any CPU
		{378AD923-60C2-4D5E-AB66-CF578128277C}.Debug|Any CPU.Build.0 = Debug|Any CPU
		{378AD923-60C2-4D5E-AB66-CF578128277C}.Release|Any CPU.ActiveCfg = Release|Any CPU
		{378AD923-60C2-4D5E-AB66-CF578128277C}.Release|Any CPU.Build.0 = Release|Any CPU
	EndGlobalSection
	GlobalSection(SolutionProperties) = preSolution
		HideSolutionNode = FALSE
	EndGlobalSection
	GlobalSection(ExtensibilityGlobals) = postSolution
		SolutionGuid = {97CA52D4-32C4-4E4D-BAF1-989354FEB47A}
	EndGlobalSection
EndGlobal
