
Microsoft Visual Studio Solution File, Format Version 12.00
# Visual Studio Version 16
VisualStudioVersion = 16.0.31702.278
MinimumVisualStudioVersion = 10.0.40219.1
Project("{FAE04EC0-301F-11D3-BF4B-00C04F79EFBC}") = "Delegate_Func", "Delegate_Func\Delegate_Func.csproj", "{C6EBEC0F-C81E-4C69-9A99-3EDEFE1EE688}"
EndProject
Global
	GlobalSection(SolutionConfigurationPlatforms) = preSolution
		Debug|Any CPU = Debug|Any CPU
		Release|Any CPU = Release|Any CPU
	EndGlobalSection
	GlobalSection(ProjectConfigurationPlatforms) = postSolution
		{C6EBEC0F-C81E-4C69-9A99-3EDEFE1EE688}.Debug|Any CPU.ActiveCfg = Debug|Any CPU
		{C6EBEC0F-C81E-4C69-9A99-3EDEFE1EE688}.Debug|Any CPU.Build.0 = Debug|Any CPU
		{C6EBEC0F-C81E-4C69-9A99-3EDEFE1EE688}.Release|Any CPU.ActiveCfg = Release|Any CPU
		{C6EBEC0F-C81E-4C69-9A99-3EDEFE1EE688}.Release|Any CPU.Build.0 = Release|Any CPU
	EndGlobalSection
	GlobalSection(SolutionProperties) = preSolution
		HideSolutionNode = FALSE
	EndGlobalSection
	GlobalSection(ExtensibilityGlobals) = postSolution
		SolutionGuid = {1568CE6E-CD6B-43E6-AA15-C578F005DA79}
	EndGlobalSection
EndGlobal
