
Microsoft Visual Studio Solution File, Format Version 12.00
# Visual Studio Version 16
VisualStudioVersion = 16.0.31702.278
MinimumVisualStudioVersion = 10.0.40219.1
Project("{FAE04EC0-301F-11D3-BF4B-00C04F79EFBC}") = "Dictiona_ry", "Dictiona_ry\Dictiona_ry.csproj", "{772D3F41-5308-4B44-B6EA-16CD4454637F}"
EndProject
Global
	GlobalSection(SolutionConfigurationPlatforms) = preSolution
		Debug|Any CPU = Debug|Any CPU
		Release|Any CPU = Release|Any CPU
	EndGlobalSection
	GlobalSection(ProjectConfigurationPlatforms) = postSolution
		{772D3F41-5308-4B44-B6EA-16CD4454637F}.Debug|Any CPU.ActiveCfg = Debug|Any CPU
		{772D3F41-5308-4B44-B6EA-16CD4454637F}.Debug|Any CPU.Build.0 = Debug|Any CPU
		{772D3F41-5308-4B44-B6EA-16CD4454637F}.Release|Any CPU.ActiveCfg = Release|Any CPU
		{772D3F41-5308-4B44-B6EA-16CD4454637F}.Release|Any CPU.Build.0 = Release|Any CPU
	EndGlobalSection
	GlobalSection(SolutionProperties) = preSolution
		HideSolutionNode = FALSE
	EndGlobalSection
	GlobalSection(ExtensibilityGlobals) = postSolution
		SolutionGuid = {C64FDA0E-2800-437F-8B97-D2A1B8E9B407}
	EndGlobalSection
EndGlobal
