
Microsoft Visual Studio Solution File, Format Version 12.00
# Visual Studio Version 16
VisualStudioVersion = 16.0.31911.196
MinimumVisualStudioVersion = 10.0.40219.1
Project("{FAE04EC0-301F-11D3-BF4B-00C04F79EFBC}") = "TrabalhandoComArquivos02", "TrabalhandoComArquivos02\TrabalhandoComArquivos02.csproj", "{F09DF362-DB89-4F96-AE01-E32750D38CF5}"
EndProject
Global
	GlobalSection(SolutionConfigurationPlatforms) = preSolution
		Debug|Any CPU = Debug|Any CPU
		Release|Any CPU = Release|Any CPU
	EndGlobalSection
	GlobalSection(ProjectConfigurationPlatforms) = postSolution
		{F09DF362-DB89-4F96-AE01-E32750D38CF5}.Debug|Any CPU.ActiveCfg = Debug|Any CPU
		{F09DF362-DB89-4F96-AE01-E32750D38CF5}.Debug|Any CPU.Build.0 = Debug|Any CPU
		{F09DF362-DB89-4F96-AE01-E32750D38CF5}.Release|Any CPU.ActiveCfg = Release|Any CPU
		{F09DF362-DB89-4F96-AE01-E32750D38CF5}.Release|Any CPU.Build.0 = Release|Any CPU
	EndGlobalSection
	GlobalSection(SolutionProperties) = preSolution
		HideSolutionNode = FALSE
	EndGlobalSection
	GlobalSection(ExtensibilityGlobals) = postSolution
		SolutionGuid = {8716B424-398E-430D-A618-24AE824D8020}
	EndGlobalSection
EndGlobal
