
Microsoft Visual Studio Solution File, Format Version 12.00
# Visual Studio Version 16
VisualStudioVersion = 16.0.31911.196
MinimumVisualStudioVersion = 10.0.40219.1
Project("{FAE04EC0-301F-11D3-BF4B-00C04F79EFBC}") = "Exercicio1", "Exercicio1\Exercicio1.csproj", "{1B0B3B52-94FD-4A7E-8E71-EF36B779F0DF}"
EndProject
Global
	GlobalSection(SolutionConfigurationPlatforms) = preSolution
		Debug|Any CPU = Debug|Any CPU
		Release|Any CPU = Release|Any CPU
	EndGlobalSection
	GlobalSection(ProjectConfigurationPlatforms) = postSolution
		{1B0B3B52-94FD-4A7E-8E71-EF36B779F0DF}.Debug|Any CPU.ActiveCfg = Debug|Any CPU
		{1B0B3B52-94FD-4A7E-8E71-EF36B779F0DF}.Debug|Any CPU.Build.0 = Debug|Any CPU
		{1B0B3B52-94FD-4A7E-8E71-EF36B779F0DF}.Release|Any CPU.ActiveCfg = Release|Any CPU
		{1B0B3B52-94FD-4A7E-8E71-EF36B779F0DF}.Release|Any CPU.Build.0 = Release|Any CPU
	EndGlobalSection
	GlobalSection(SolutionProperties) = preSolution
		HideSolutionNode = FALSE
	EndGlobalSection
	GlobalSection(ExtensibilityGlobals) = postSolution
		SolutionGuid = {0204BF37-2538-4786-851C-8C150A2A1B65}
	EndGlobalSection
EndGlobal
