
Microsoft Visual Studio Solution File, Format Version 12.00
# Visual Studio Version 16
VisualStudioVersion = 16.0.31515.178
MinimumVisualStudioVersion = 10.0.40219.1
Project("{FAE04EC0-301F-11D3-BF4B-00C04F79EFBC}") = "membros_estaticos", "membros_estaticos\membros_estaticos.csproj", "{37901AFB-D429-47DC-8BD0-35DA73EB8327}"
EndProject
Global
	GlobalSection(SolutionConfigurationPlatforms) = preSolution
		Debug|Any CPU = Debug|Any CPU
		Release|Any CPU = Release|Any CPU
	EndGlobalSection
	GlobalSection(ProjectConfigurationPlatforms) = postSolution
		{37901AFB-D429-47DC-8BD0-35DA73EB8327}.Debug|Any CPU.ActiveCfg = Debug|Any CPU
		{37901AFB-D429-47DC-8BD0-35DA73EB8327}.Debug|Any CPU.Build.0 = Debug|Any CPU
		{37901AFB-D429-47DC-8BD0-35DA73EB8327}.Release|Any CPU.ActiveCfg = Release|Any CPU
		{37901AFB-D429-47DC-8BD0-35DA73EB8327}.Release|Any CPU.Build.0 = Release|Any CPU
	EndGlobalSection
	GlobalSection(SolutionProperties) = preSolution
		HideSolutionNode = FALSE
	EndGlobalSection
	GlobalSection(ExtensibilityGlobals) = postSolution
		SolutionGuid = {F7A1C057-E179-4E4D-8727-56B58D78F9AC}
	EndGlobalSection
EndGlobal
