
Microsoft Visual Studio Solution File, Format Version 12.00
# Visual Studio Version 16
VisualStudioVersion = 16.0.31702.278
MinimumVisualStudioVersion = 10.0.40219.1
Project("{FAE04EC0-301F-11D3-BF4B-00C04F79EFBC}") = "Resolvendo_exercicios_conjuntos", "Resolvendo_exercicios_conjuntos\Resolvendo_exercicios_conjuntos.csproj", "{F40EE935-7047-40AB-AFDF-BC185EA7CE3B}"
EndProject
Global
	GlobalSection(SolutionConfigurationPlatforms) = preSolution
		Debug|Any CPU = Debug|Any CPU
		Release|Any CPU = Release|Any CPU
	EndGlobalSection
	GlobalSection(ProjectConfigurationPlatforms) = postSolution
		{F40EE935-7047-40AB-AFDF-BC185EA7CE3B}.Debug|Any CPU.ActiveCfg = Debug|Any CPU
		{F40EE935-7047-40AB-AFDF-BC185EA7CE3B}.Debug|Any CPU.Build.0 = Debug|Any CPU
		{F40EE935-7047-40AB-AFDF-BC185EA7CE3B}.Release|Any CPU.ActiveCfg = Release|Any CPU
		{F40EE935-7047-40AB-AFDF-BC185EA7CE3B}.Release|Any CPU.Build.0 = Release|Any CPU
	EndGlobalSection
	GlobalSection(SolutionProperties) = preSolution
		HideSolutionNode = FALSE
	EndGlobalSection
	GlobalSection(ExtensibilityGlobals) = postSolution
		SolutionGuid = {E200785A-9A90-44AF-AA1F-69F738039CB7}
	EndGlobalSection
EndGlobal
