
Microsoft Visual Studio Solution File, Format Version 12.00
# Visual Studio Version 16
VisualStudioVersion = 16.0.31515.178
MinimumVisualStudioVersion = 10.0.40219.1
Project("{FAE04EC0-301F-11D3-BF4B-00C04F79EFBC}") = "operadores-aritimedicos", "operadores-aritimedicos\operadores-aritimedicos.csproj", "{77559A17-6943-434E-8493-ADC0C0FB3014}"
EndProject
Global
	GlobalSection(SolutionConfigurationPlatforms) = preSolution
		Debug|Any CPU = Debug|Any CPU
		Release|Any CPU = Release|Any CPU
	EndGlobalSection
	GlobalSection(ProjectConfigurationPlatforms) = postSolution
		{77559A17-6943-434E-8493-ADC0C0FB3014}.Debug|Any CPU.ActiveCfg = Debug|Any CPU
		{77559A17-6943-434E-8493-ADC0C0FB3014}.Debug|Any CPU.Build.0 = Debug|Any CPU
		{77559A17-6943-434E-8493-ADC0C0FB3014}.Release|Any CPU.ActiveCfg = Release|Any CPU
		{77559A17-6943-434E-8493-ADC0C0FB3014}.Release|Any CPU.Build.0 = Release|Any CPU
	EndGlobalSection
	GlobalSection(SolutionProperties) = preSolution
		HideSolutionNode = FALSE
	EndGlobalSection
	GlobalSection(ExtensibilityGlobals) = postSolution
		SolutionGuid = {6B2D9E4D-F169-42D5-AF91-80A8F1A828B3}
	EndGlobalSection
EndGlobal
