
Microsoft Visual Studio Solution File, Format Version 12.00
# Visual Studio Version 16
VisualStudioVersion = 16.0.31702.278
MinimumVisualStudioVersion = 10.0.40219.1
Project("{FAE04EC0-301F-11D3-BF4B-00C04F79EFBC}") = "solucao-interface", "solucao-interface\solucao-interface.csproj", "{1F999D10-1976-4E85-B255-BB2F37A23CD0}"
EndProject
Global
	GlobalSection(SolutionConfigurationPlatforms) = preSolution
		Debug|Any CPU = Debug|Any CPU
		Release|Any CPU = Release|Any CPU
	EndGlobalSection
	GlobalSection(ProjectConfigurationPlatforms) = postSolution
		{1F999D10-1976-4E85-B255-BB2F37A23CD0}.Debug|Any CPU.ActiveCfg = Debug|Any CPU
		{1F999D10-1976-4E85-B255-BB2F37A23CD0}.Debug|Any CPU.Build.0 = Debug|Any CPU
		{1F999D10-1976-4E85-B255-BB2F37A23CD0}.Release|Any CPU.ActiveCfg = Release|Any CPU
		{1F999D10-1976-4E85-B255-BB2F37A23CD0}.Release|Any CPU.Build.0 = Release|Any CPU
	EndGlobalSection
	GlobalSection(SolutionProperties) = preSolution
		HideSolutionNode = FALSE
	EndGlobalSection
	GlobalSection(ExtensibilityGlobals) = postSolution
		SolutionGuid = {F7F94503-CC4E-4E4A-9EA4-B1D1F57B691F}
	EndGlobalSection
EndGlobal
