
Microsoft Visual Studio Solution File, Format Version 12.00
# Visual Studio Version 16
VisualStudioVersion = 16.0.31515.178
MinimumVisualStudioVersion = 10.0.40219.1
Project("{FAE04EC0-301F-11D3-BF4B-00C04F79EFBC}") = "vetores-P2", "vetores-P2\vetores-P2.csproj", "{2D8EA29E-9474-4D91-A0D2-DD0655072869}"
EndProject
Global
	GlobalSection(SolutionConfigurationPlatforms) = preSolution
		Debug|Any CPU = Debug|Any CPU
		Release|Any CPU = Release|Any CPU
	EndGlobalSection
	GlobalSection(ProjectConfigurationPlatforms) = postSolution
		{2D8EA29E-9474-4D91-A0D2-DD0655072869}.Debug|Any CPU.ActiveCfg = Debug|Any CPU
		{2D8EA29E-9474-4D91-A0D2-DD0655072869}.Debug|Any CPU.Build.0 = Debug|Any CPU
		{2D8EA29E-9474-4D91-A0D2-DD0655072869}.Release|Any CPU.ActiveCfg = Release|Any CPU
		{2D8EA29E-9474-4D91-A0D2-DD0655072869}.Release|Any CPU.Build.0 = Release|Any CPU
	EndGlobalSection
	GlobalSection(SolutionProperties) = preSolution
		HideSolutionNode = FALSE
	EndGlobalSection
	GlobalSection(ExtensibilityGlobals) = postSolution
		SolutionGuid = {123DB4B4-92FF-47B4-AE30-09BAA953E9D6}
	EndGlobalSection
EndGlobal
