
Microsoft Visual Studio Solution File, Format Version 12.00
# Visual Studio Version 16
VisualStudioVersion = 16.0.31515.178
MinimumVisualStudioVersion = 10.0.40219.1
Project("{FAE04EC0-301F-11D3-BF4B-00C04F79EFBC}") = "exercicio-matrizes", "exercicio-matrizes\exercicio-matrizes.csproj", "{4A2C2B87-A247-41FB-AE22-127B65570865}"
EndProject
Global
	GlobalSection(SolutionConfigurationPlatforms) = preSolution
		Debug|Any CPU = Debug|Any CPU
		Release|Any CPU = Release|Any CPU
	EndGlobalSection
	GlobalSection(ProjectConfigurationPlatforms) = postSolution
		{4A2C2B87-A247-41FB-AE22-127B65570865}.Debug|Any CPU.ActiveCfg = Debug|Any CPU
		{4A2C2B87-A247-41FB-AE22-127B65570865}.Debug|Any CPU.Build.0 = Debug|Any CPU
		{4A2C2B87-A247-41FB-AE22-127B65570865}.Release|Any CPU.ActiveCfg = Release|Any CPU
		{4A2C2B87-A247-41FB-AE22-127B65570865}.Release|Any CPU.Build.0 = Release|Any CPU
	EndGlobalSection
	GlobalSection(SolutionProperties) = preSolution
		HideSolutionNode = FALSE
	EndGlobalSection
	GlobalSection(ExtensibilityGlobals) = postSolution
		SolutionGuid = {12653B8F-8017-4DC0-BE20-CE4EFF7464ED}
	EndGlobalSection
EndGlobal
