
Microsoft Visual Studio Solution File, Format Version 12.00
# Visual Studio Version 16
VisualStudioVersion = 16.0.31515.178
MinimumVisualStudioVersion = 10.0.40219.1
Project("{FAE04EC0-301F-11D3-BF4B-00C04F79EFBC}") = "exercicio02-poo", "exercicio02-poo\exercicio02-poo.csproj", "{CCF34943-142F-4DF2-A149-4FA650595F5A}"
EndProject
Global
	GlobalSection(SolutionConfigurationPlatforms) = preSolution
		Debug|Any CPU = Debug|Any CPU
		Release|Any CPU = Release|Any CPU
	EndGlobalSection
	GlobalSection(ProjectConfigurationPlatforms) = postSolution
		{CCF34943-142F-4DF2-A149-4FA650595F5A}.Debug|Any CPU.ActiveCfg = Debug|Any CPU
		{CCF34943-142F-4DF2-A149-4FA650595F5A}.Debug|Any CPU.Build.0 = Debug|Any CPU
		{CCF34943-142F-4DF2-A149-4FA650595F5A}.Release|Any CPU.ActiveCfg = Release|Any CPU
		{CCF34943-142F-4DF2-A149-4FA650595F5A}.Release|Any CPU.Build.0 = Release|Any CPU
	EndGlobalSection
	GlobalSection(SolutionProperties) = preSolution
		HideSolutionNode = FALSE
	EndGlobalSection
	GlobalSection(ExtensibilityGlobals) = postSolution
		SolutionGuid = {DBA836CA-A779-4A57-AF7E-E9FF4809B3ED}
	EndGlobalSection
EndGlobal
