
Microsoft Visual Studio Solution File, Format Version 12.00
# Visual Studio Version 16
VisualStudioVersion = 16.0.31702.278
MinimumVisualStudioVersion = 10.0.40219.1
Project("{FAE04EC0-301F-11D3-BF4B-00C04F79EFBC}") = "Operacao_datetime", "Operacao_datetime\Operacao_datetime.csproj", "{50612ADB-85C8-46D9-B6C7-FFA922C204C9}"
EndProject
Global
	GlobalSection(SolutionConfigurationPlatforms) = preSolution
		Debug|Any CPU = Debug|Any CPU
		Release|Any CPU = Release|Any CPU
	EndGlobalSection
	GlobalSection(ProjectConfigurationPlatforms) = postSolution
		{50612ADB-85C8-46D9-B6C7-FFA922C204C9}.Debug|Any CPU.ActiveCfg = Debug|Any CPU
		{50612ADB-85C8-46D9-B6C7-FFA922C204C9}.Debug|Any CPU.Build.0 = Debug|Any CPU
		{50612ADB-85C8-46D9-B6C7-FFA922C204C9}.Release|Any CPU.ActiveCfg = Release|Any CPU
		{50612ADB-85C8-46D9-B6C7-FFA922C204C9}.Release|Any CPU.Build.0 = Release|Any CPU
	EndGlobalSection
	GlobalSection(SolutionProperties) = preSolution
		HideSolutionNode = FALSE
	EndGlobalSection
	GlobalSection(ExtensibilityGlobals) = postSolution
		SolutionGuid = {D99BF834-FA97-42E0-813B-B149E5EC7E37}
	EndGlobalSection
EndGlobal
