
Microsoft Visual Studio Solution File, Format Version 12.00
# Visual Studio Version 16
VisualStudioVersion = 16.0.31729.503
MinimumVisualStudioVersion = 10.0.40219.1
Project("{FAE04EC0-301F-11D3-BF4B-00C04F79EFBC}") = "TreinamentoTestesUnidade", "TreinamentoTestesUnidade\TreinamentoTestesUnidade.csproj", "{C5577C13-BF2C-4798-98CC-B06154A56A3A}"
EndProject
Global
	GlobalSection(SolutionConfigurationPlatforms) = preSolution
		Debug|Any CPU = Debug|Any CPU
		Release|Any CPU = Release|Any CPU
	EndGlobalSection
	GlobalSection(ProjectConfigurationPlatforms) = postSolution
		{C5577C13-BF2C-4798-98CC-B06154A56A3A}.Debug|Any CPU.ActiveCfg = Debug|Any CPU
		{C5577C13-BF2C-4798-98CC-B06154A56A3A}.Debug|Any CPU.Build.0 = Debug|Any CPU
		{C5577C13-BF2C-4798-98CC-B06154A56A3A}.Release|Any CPU.ActiveCfg = Release|Any CPU
		{C5577C13-BF2C-4798-98CC-B06154A56A3A}.Release|Any CPU.Build.0 = Release|Any CPU
	EndGlobalSection
	GlobalSection(SolutionProperties) = preSolution
		HideSolutionNode = FALSE
	EndGlobalSection
	GlobalSection(ExtensibilityGlobals) = postSolution
		SolutionGuid = {76ED78CA-ADD5-4AE0-8787-BE360A133606}
	EndGlobalSection
EndGlobal
