
Microsoft Visual Studio Solution File, Format Version 12.00
# Visual Studio Version 16
VisualStudioVersion = 16.0.31702.278
MinimumVisualStudioVersion = 10.0.40219.1
Project("{FAE04EC0-301F-11D3-BF4B-00C04F79EFBC}") = "Desafio_secao_10", "Desafio_secao_10\Desafio_secao_10.csproj", "{2545D66D-1DFF-4D8F-B219-5FB9F0B4193A}"
EndProject
Global
	GlobalSection(SolutionConfigurationPlatforms) = preSolution
		Debug|Any CPU = Debug|Any CPU
		Release|Any CPU = Release|Any CPU
	EndGlobalSection
	GlobalSection(ProjectConfigurationPlatforms) = postSolution
		{2545D66D-1DFF-4D8F-B219-5FB9F0B4193A}.Debug|Any CPU.ActiveCfg = Debug|Any CPU
		{2545D66D-1DFF-4D8F-B219-5FB9F0B4193A}.Debug|Any CPU.Build.0 = Debug|Any CPU
		{2545D66D-1DFF-4D8F-B219-5FB9F0B4193A}.Release|Any CPU.ActiveCfg = Release|Any CPU
		{2545D66D-1DFF-4D8F-B219-5FB9F0B4193A}.Release|Any CPU.Build.0 = Release|Any CPU
	EndGlobalSection
	GlobalSection(SolutionProperties) = preSolution
		HideSolutionNode = FALSE
	EndGlobalSection
	GlobalSection(ExtensibilityGlobals) = postSolution
		SolutionGuid = {C6AE677F-0329-4731-8C91-CAEA6CD08648}
	EndGlobalSection
EndGlobal
