
Microsoft Visual Studio Solution File, Format Version 12.00
# Visual Studio Version 16
VisualStudioVersion = 16.0.31702.278
MinimumVisualStudioVersion = 10.0.40219.1
Project("{FAE04EC0-301F-11D3-BF4B-00C04F79EFBC}") = "Exercicio_ficaxao_secao17", "Exercicio_ficaxao_secao17\Exercicio_ficaxao_secao17.csproj", "{76977AF8-D518-4A36-A9E6-DCBB3754B3C6}"
EndProject
Global
	GlobalSection(SolutionConfigurationPlatforms) = preSolution
		Debug|Any CPU = Debug|Any CPU
		Release|Any CPU = Release|Any CPU
	EndGlobalSection
	GlobalSection(ProjectConfigurationPlatforms) = postSolution
		{76977AF8-D518-4A36-A9E6-DCBB3754B3C6}.Debug|Any CPU.ActiveCfg = Debug|Any CPU
		{76977AF8-D518-4A36-A9E6-DCBB3754B3C6}.Debug|Any CPU.Build.0 = Debug|Any CPU
		{76977AF8-D518-4A36-A9E6-DCBB3754B3C6}.Release|Any CPU.ActiveCfg = Release|Any CPU
		{76977AF8-D518-4A36-A9E6-DCBB3754B3C6}.Release|Any CPU.Build.0 = Release|Any CPU
	EndGlobalSection
	GlobalSection(SolutionProperties) = preSolution
		HideSolutionNode = FALSE
	EndGlobalSection
	GlobalSection(ExtensibilityGlobals) = postSolution
		SolutionGuid = {C19A2111-AC2D-4EFA-A341-1C7CAF19D2F2}
	EndGlobalSection
EndGlobal
