
Microsoft Visual Studio Solution File, Format Version 12.00
# Visual Studio Version 16
VisualStudioVersion = 16.0.31515.178
MinimumVisualStudioVersion = 10.0.40219.1
Project("{FAE04EC0-301F-11D3-BF4B-00C04F79EFBC}") = "resolvendo-exercicio-sem-orientacao-objetos", "resolvendo-exercicio-sem-orientacao-objetos\resolvendo-exercicio-sem-orientacao-objetos.csproj", "{B8AB6980-BAE8-42CC-AE37-5DF18A9E9C93}"
EndProject
Global
	GlobalSection(SolutionConfigurationPlatforms) = preSolution
		Debug|Any CPU = Debug|Any CPU
		Release|Any CPU = Release|Any CPU
	EndGlobalSection
	GlobalSection(ProjectConfigurationPlatforms) = postSolution
		{B8AB6980-BAE8-42CC-AE37-5DF18A9E9C93}.Debug|Any CPU.ActiveCfg = Debug|Any CPU
		{B8AB6980-BAE8-42CC-AE37-5DF18A9E9C93}.Debug|Any CPU.Build.0 = Debug|Any CPU
		{B8AB6980-BAE8-42CC-AE37-5DF18A9E9C93}.Release|Any CPU.ActiveCfg = Release|Any CPU
		{B8AB6980-BAE8-42CC-AE37-5DF18A9E9C93}.Release|Any CPU.Build.0 = Release|Any CPU
	EndGlobalSection
	GlobalSection(SolutionProperties) = preSolution
		HideSolutionNode = FALSE
	EndGlobalSection
	GlobalSection(ExtensibilityGlobals) = postSolution
		SolutionGuid = {866053A0-6722-4433-8D50-6E7A99BE34BF}
	EndGlobalSection
EndGlobal
