
Microsoft Visual Studio Solution File, Format Version 12.00
# Visual Studio Version 16
VisualStudioVersion = 16.0.31911.196
MinimumVisualStudioVersion = 10.0.40219.1
Project("{FAE04EC0-301F-11D3-BF4B-00C04F79EFBC}") = "Herancarevisao", "Herancarevisao\Herancarevisao.csproj", "{D01FE797-5B29-4F00-AADB-786B755B6C46}"
EndProject
Global
	GlobalSection(SolutionConfigurationPlatforms) = preSolution
		Debug|Any CPU = Debug|Any CPU
		Release|Any CPU = Release|Any CPU
	EndGlobalSection
	GlobalSection(ProjectConfigurationPlatforms) = postSolution
		{D01FE797-5B29-4F00-AADB-786B755B6C46}.Debug|Any CPU.ActiveCfg = Debug|Any CPU
		{D01FE797-5B29-4F00-AADB-786B755B6C46}.Debug|Any CPU.Build.0 = Debug|Any CPU
		{D01FE797-5B29-4F00-AADB-786B755B6C46}.Release|Any CPU.ActiveCfg = Release|Any CPU
		{D01FE797-5B29-4F00-AADB-786B755B6C46}.Release|Any CPU.Build.0 = Release|Any CPU
	EndGlobalSection
	GlobalSection(SolutionProperties) = preSolution
		HideSolutionNode = FALSE
	EndGlobalSection
	GlobalSection(ExtensibilityGlobals) = postSolution
		SolutionGuid = {6068AC4A-E4DC-4E2B-A709-A59F8F65F0BE}
	EndGlobalSection
EndGlobal
