
Microsoft Visual Studio Solution File, Format Version 12.00
# Visual Studio Version 16
VisualStudioVersion = 16.0.31702.278
MinimumVisualStudioVersion = 10.0.40219.1
Project("{FAE04EC0-301F-11D3-BF4B-00C04F79EFBC}") = "exercicio_link", "exercicio_link\exercicio_link.csproj", "{FBC4C164-4125-4F8B-9B74-0073F34FEB22}"
EndProject
Global
	GlobalSection(SolutionConfigurationPlatforms) = preSolution
		Debug|Any CPU = Debug|Any CPU
		Release|Any CPU = Release|Any CPU
	EndGlobalSection
	GlobalSection(ProjectConfigurationPlatforms) = postSolution
		{FBC4C164-4125-4F8B-9B74-0073F34FEB22}.Debug|Any CPU.ActiveCfg = Debug|Any CPU
		{FBC4C164-4125-4F8B-9B74-0073F34FEB22}.Debug|Any CPU.Build.0 = Debug|Any CPU
		{FBC4C164-4125-4F8B-9B74-0073F34FEB22}.Release|Any CPU.ActiveCfg = Release|Any CPU
		{FBC4C164-4125-4F8B-9B74-0073F34FEB22}.Release|Any CPU.Build.0 = Release|Any CPU
	EndGlobalSection
	GlobalSection(SolutionProperties) = preSolution
		HideSolutionNode = FALSE
	EndGlobalSection
	GlobalSection(ExtensibilityGlobals) = postSolution
		SolutionGuid = {7DBD8E42-D4AF-4BFD-82F7-F593BE265F04}
	EndGlobalSection
EndGlobal
