
Microsoft Visual Studio Solution File, Format Version 12.00
# Visual Studio Version 16
VisualStudioVersion = 16.0.31702.278
MinimumVisualStudioVersion = 10.0.40219.1
Project("{FAE04EC0-301F-11D3-BF4B-00C04F79EFBC}") = "Exercicio_fixacao_interface", "Exercicio_fixacao_interface\Exercicio_fixacao_interface.csproj", "{EDA47F14-81B5-489A-9F8D-5EAA77F741EB}"
EndProject
Global
	GlobalSection(SolutionConfigurationPlatforms) = preSolution
		Debug|Any CPU = Debug|Any CPU
		Release|Any CPU = Release|Any CPU
	EndGlobalSection
	GlobalSection(ProjectConfigurationPlatforms) = postSolution
		{EDA47F14-81B5-489A-9F8D-5EAA77F741EB}.Debug|Any CPU.ActiveCfg = Debug|Any CPU
		{EDA47F14-81B5-489A-9F8D-5EAA77F741EB}.Debug|Any CPU.Build.0 = Debug|Any CPU
		{EDA47F14-81B5-489A-9F8D-5EAA77F741EB}.Release|Any CPU.ActiveCfg = Release|Any CPU
		{EDA47F14-81B5-489A-9F8D-5EAA77F741EB}.Release|Any CPU.Build.0 = Release|Any CPU
	EndGlobalSection
	GlobalSection(SolutionProperties) = preSolution
		HideSolutionNode = FALSE
	EndGlobalSection
	GlobalSection(ExtensibilityGlobals) = postSolution
		SolutionGuid = {4AFAD45C-B18D-426B-B869-6EA46DAAF697}
	EndGlobalSection
EndGlobal
