
Microsoft Visual Studio Solution File, Format Version 12.00
# Visual Studio Version 16
VisualStudioVersion = 16.0.31911.196
MinimumVisualStudioVersion = 10.0.40219.1
Project("{FAE04EC0-301F-11D3-BF4B-00C04F79EFBC}") = "TrabalhandoComArquivos06", "TrabalhandoComArquivos06\TrabalhandoComArquivos06.csproj", "{9DE92EDE-F323-4D55-AEDC-6A3B76705385}"
EndProject
Global
	GlobalSection(SolutionConfigurationPlatforms) = preSolution
		Debug|Any CPU = Debug|Any CPU
		Release|Any CPU = Release|Any CPU
	EndGlobalSection
	GlobalSection(ProjectConfigurationPlatforms) = postSolution
		{9DE92EDE-F323-4D55-AEDC-6A3B76705385}.Debug|Any CPU.ActiveCfg = Debug|Any CPU
		{9DE92EDE-F323-4D55-AEDC-6A3B76705385}.Debug|Any CPU.Build.0 = Debug|Any CPU
		{9DE92EDE-F323-4D55-AEDC-6A3B76705385}.Release|Any CPU.ActiveCfg = Release|Any CPU
		{9DE92EDE-F323-4D55-AEDC-6A3B76705385}.Release|Any CPU.Build.0 = Release|Any CPU
	EndGlobalSection
	GlobalSection(SolutionProperties) = preSolution
		HideSolutionNode = FALSE
	EndGlobalSection
	GlobalSection(ExtensibilityGlobals) = postSolution
		SolutionGuid = {A6C01B44-AF82-4DE0-8C17-BECC2B677052}
	EndGlobalSection
EndGlobal
